
Microsoft Visual Studio Solution File, Format Version 12.00
# Visual Studio 15
VisualStudioVersion = 15.0.27130.2027
MinimumVisualStudioVersion = 10.0.40219.1
Project("{9A19103F-16F7-4668-BE54-9A1E7A4F7556}") = "Sieve.Plus", "Sieve.Plus\Sieve.Plus.csproj", "{B32B8B33-94B0-40E3-8FE5-D54602222717}"
EndProject
Project("{9A19103F-16F7-4668-BE54-9A1E7A4F7556}") = "Sieve.Plus.UnitTests", "Sieve.Plus.UnitTests\Sieve.Plus.UnitTests.csproj", "{21C3082D-F40E-457F-BE2E-AA099E19E199}"
EndProject
Project("{2150E333-8FDC-42A3-9474-1A3956D46DE8}") = "Solution Items", "Solution Items", "{904F25A9-5CBD-42AE-8422-ADAB98F4B4B7}"
	ProjectSection(SolutionItems) = preProject
		.editorconfig = .editorconfig
		README.md = README.md
	EndProjectSection
EndProject
Project("{2150E333-8FDC-42A3-9474-1A3956D46DE8}") = "examples", "examples", "{61432FA8-8608-7A29-2F84-7DAFB9A18E2F}"
EndProject
Project("{2150E333-8FDC-42A3-9474-1A3956D46DE8}") = "fullstack-app-with-tests", "fullstack-app-with-tests", "{3619362B-AF10-01C0-0968-B5438D352C72}"
EndProject
Project("{2150E333-8FDC-42A3-9474-1A3956D46DE8}") = "server", "server", "{528297DF-9805-A307-CC53-D3F809AB05EC}"
EndProject
Project("{FAE04EC0-301F-11D3-BF4B-00C04F79EFBC}") = "api", "examples\fullstack-app-with-tests\server\api\api.csproj", "{824FAC7E-3EC2-48BE-9518-07399FC0EF45}"
EndProject
Project("{FAE04EC0-301F-11D3-BF4B-00C04F79EFBC}") = "dataccess", "examples\fullstack-app-with-tests\server\dataccess\dataccess.csproj", "{D923B80D-5856-4D2B-8147-6C66E5FF21F7}"
EndProject
Project("{FAE04EC0-301F-11D3-BF4B-00C04F79EFBC}") = "tests", "examples\fullstack-app-with-tests\server\tests\tests.csproj", "{7D4430DC-A0EC-40A1-8547-1147B5912218}"
EndProject
Project("{FAE04EC0-301F-11D3-BF4B-00C04F79EFBC}") = "Sieve.Plus.QueryBuilder", "Sieve.Plus.QueryBuilder\Sieve.Plus.QueryBuilder.csproj", "{C80DAC63-E870-4E73-BD6B-8B5767B2A3CC}"
EndProject
Global
	GlobalSection(SolutionConfigurationPlatforms) = preSolution
		Debug|Any CPU = Debug|Any CPU
		Debug|x64 = Debug|x64
		Debug|x86 = Debug|x86
		Release|Any CPU = Release|Any CPU
		Release|x64 = Release|x64
		Release|x86 = Release|x86
	EndGlobalSection
	GlobalSection(ProjectConfigurationPlatforms) = postSolution
		{B32B8B33-94B0-40E3-8FE5-D54602222717}.Debug|Any CPU.ActiveCfg = Debug|Any CPU
		{B32B8B33-94B0-40E3-8FE5-D54602222717}.Debug|Any CPU.Build.0 = Debug|Any CPU
		{B32B8B33-94B0-40E3-8FE5-D54602222717}.Debug|x64.ActiveCfg = Debug|Any CPU
		{B32B8B33-94B0-40E3-8FE5-D54602222717}.Debug|x64.Build.0 = Debug|Any CPU
		{B32B8B33-94B0-40E3-8FE5-D54602222717}.Debug|x86.ActiveCfg = Debug|Any CPU
		{B32B8B33-94B0-40E3-8FE5-D54602222717}.Debug|x86.Build.0 = Debug|Any CPU
		{B32B8B33-94B0-40E3-8FE5-D54602222717}.Release|Any CPU.ActiveCfg = Release|Any CPU
		{B32B8B33-94B0-40E3-8FE5-D54602222717}.Release|Any CPU.Build.0 = Release|Any CPU
		{B32B8B33-94B0-40E3-8FE5-D54602222717}.Release|x64.ActiveCfg = Release|Any CPU
		{B32B8B33-94B0-40E3-8FE5-D54602222717}.Release|x64.Build.0 = Release|Any CPU
		{B32B8B33-94B0-40E3-8FE5-D54602222717}.Release|x86.ActiveCfg = Release|Any CPU
		{B32B8B33-94B0-40E3-8FE5-D54602222717}.Release|x86.Build.0 = Release|Any CPU
		{21C3082D-F40E-457F-BE2E-AA099E19E199}.Debug|Any CPU.ActiveCfg = Debug|Any CPU
		{21C3082D-F40E-457F-BE2E-AA099E19E199}.Debug|Any CPU.Build.0 = Debug|Any CPU
		{21C3082D-F40E-457F-BE2E-AA099E19E199}.Debug|x64.ActiveCfg = Debug|Any CPU
		{21C3082D-F40E-457F-BE2E-AA099E19E199}.Debug|x64.Build.0 = Debug|Any CPU
		{21C3082D-F40E-457F-BE2E-AA099E19E199}.Debug|x86.ActiveCfg = Debug|Any CPU
		{21C3082D-F40E-457F-BE2E-AA099E19E199}.Debug|x86.Build.0 = Debug|Any CPU
		{21C3082D-F40E-457F-BE2E-AA099E19E199}.Release|Any CPU.ActiveCfg = Release|Any CPU
		{21C3082D-F40E-457F-BE2E-AA099E19E199}.Release|Any CPU.Build.0 = Release|Any CPU
		{21C3082D-F40E-457F-BE2E-AA099E19E199}.Release|x64.ActiveCfg = Release|Any CPU
		{21C3082D-F40E-457F-BE2E-AA099E19E199}.Release|x64.Build.0 = Release|Any CPU
		{21C3082D-F40E-457F-BE2E-AA099E19E199}.Release|x86.ActiveCfg = Release|Any CPU
		{21C3082D-F40E-457F-BE2E-AA099E19E199}.Release|x86.Build.0 = Release|Any CPU
		{824FAC7E-3EC2-48BE-9518-07399FC0EF45}.Debug|Any CPU.ActiveCfg = Debug|Any CPU
		{824FAC7E-3EC2-48BE-9518-07399FC0EF45}.Debug|Any CPU.Build.0 = Debug|Any CPU
		{824FAC7E-3EC2-48BE-9518-07399FC0EF45}.Debug|x64.ActiveCfg = Debug|Any CPU
		{824FAC7E-3EC2-48BE-9518-07399FC0EF45}.Debug|x64.Build.0 = Debug|Any CPU
		{824FAC7E-3EC2-48BE-9518-07399FC0EF45}.Debug|x86.ActiveCfg = Debug|Any CPU
		{824FAC7E-3EC2-48BE-9518-07399FC0EF45}.Debug|x86.Build.0 = Debug|Any CPU
		{824FAC7E-3EC2-48BE-9518-07399FC0EF45}.Release|Any CPU.ActiveCfg = Release|Any CPU
		{824FAC7E-3EC2-48BE-9518-07399FC0EF45}.Release|Any CPU.Build.0 = Release|Any CPU
		{824FAC7E-3EC2-48BE-9518-07399FC0EF45}.Release|x64.ActiveCfg = Release|Any CPU
		{824FAC7E-3EC2-48BE-9518-07399FC0EF45}.Release|x64.Build.0 = Release|Any CPU
		{824FAC7E-3EC2-48BE-9518-07399FC0EF45}.Release|x86.ActiveCfg = Release|Any CPU
		{824FAC7E-3EC2-48BE-9518-07399FC0EF45}.Release|x86.Build.0 = Release|Any CPU
		{D923B80D-5856-4D2B-8147-6C66E5FF21F7}.Debug|Any CPU.ActiveCfg = Debug|Any CPU
		{D923B80D-5856-4D2B-8147-6C66E5FF21F7}.Debug|Any CPU.Build.0 = Debug|Any CPU
		{D923B80D-5856-4D2B-8147-6C66E5FF21F7}.Debug|x64.ActiveCfg = Debug|Any CPU
		{D923B80D-5856-4D2B-8147-6C66E5FF21F7}.Debug|x64.Build.0 = Debug|Any CPU
		{D923B80D-5856-4D2B-8147-6C66E5FF21F7}.Debug|x86.ActiveCfg = Debug|Any CPU
		{D923B80D-5856-4D2B-8147-6C66E5FF21F7}.Debug|x86.Build.0 = Debug|Any CPU
		{D923B80D-5856-4D2B-8147-6C66E5FF21F7}.Release|Any CPU.ActiveCfg = Release|Any CPU
		{D923B80D-5856-4D2B-8147-6C66E5FF21F7}.Release|Any CPU.Build.0 = Release|Any CPU
		{D923B80D-5856-4D2B-8147-6C66E5FF21F7}.Release|x64.ActiveCfg = Release|Any CPU
		{D923B80D-5856-4D2B-8147-6C66E5FF21F7}.Release|x64.Build.0 = Release|Any CPU
		{D923B80D-5856-4D2B-8147-6C66E5FF21F7}.Release|x86.ActiveCfg = Release|Any CPU
		{D923B80D-5856-4D2B-8147-6C66E5FF21F7}.Release|x86.Build.0 = Release|Any CPU
		{7D4430DC-A0EC-40A1-8547-1147B5912218}.Debug|Any CPU.ActiveCfg = Debug|Any CPU
		{7D4430DC-A0EC-40A1-8547-1147B5912218}.Debug|Any CPU.Build.0 = Debug|Any CPU
		{7D4430DC-A0EC-40A1-8547-1147B5912218}.Debug|x64.ActiveCfg = Debug|Any CPU
		{7D4430DC-A0EC-40A1-8547-1147B5912218}.Debug|x64.Build.0 = Debug|Any CPU
		{7D4430DC-A0EC-40A1-8547-1147B5912218}.Debug|x86.ActiveCfg = Debug|Any CPU
		{7D4430DC-A0EC-40A1-8547-1147B5912218}.Debug|x86.Build.0 = Debug|Any CPU
		{7D4430DC-A0EC-40A1-8547-1147B5912218}.Release|Any CPU.ActiveCfg = Release|Any CPU
		{7D4430DC-A0EC-40A1-8547-1147B5912218}.Release|Any CPU.Build.0 = Release|Any CPU
		{7D4430DC-A0EC-40A1-8547-1147B5912218}.Release|x64.ActiveCfg = Release|Any CPU
		{7D4430DC-A0EC-40A1-8547-1147B5912218}.Release|x64.Build.0 = Release|Any CPU
		{7D4430DC-A0EC-40A1-8547-1147B5912218}.Release|x86.ActiveCfg = Release|Any CPU
		{7D4430DC-A0EC-40A1-8547-1147B5912218}.Release|x86.Build.0 = Release|Any CPU
		{C80DAC63-E870-4E73-BD6B-8B5767B2A3CC}.Debug|Any CPU.ActiveCfg = Debug|Any CPU
		{C80DAC63-E870-4E73-BD6B-8B5767B2A3CC}.Debug|Any CPU.Build.0 = Debug|Any CPU
		{C80DAC63-E870-4E73-BD6B-8B5767B2A3CC}.Debug|x64.ActiveCfg = Debug|Any CPU
		{C80DAC63-E870-4E73-BD6B-8B5767B2A3CC}.Debug|x64.Build.0 = Debug|Any CPU
		{C80DAC63-E870-4E73-BD6B-8B5767B2A3CC}.Debug|x86.ActiveCfg = Debug|Any CPU
		{C80DAC63-E870-4E73-BD6B-8B5767B2A3CC}.Debug|x86.Build.0 = Debug|Any CPU
		{C80DAC63-E870-4E73-BD6B-8B5767B2A3CC}.Release|Any CPU.ActiveCfg = Release|Any CPU
		{C80DAC63-E870-4E73-BD6B-8B5767B2A3CC}.Release|Any CPU.Build.0 = Release|Any CPU
		{C80DAC63-E870-4E73-BD6B-8B5767B2A3CC}.Release|x64.ActiveCfg = Release|Any CPU
		{C80DAC63-E870-4E73-BD6B-8B5767B2A3CC}.Release|x64.Build.0 = Release|Any CPU
		{C80DAC63-E870-4E73-BD6B-8B5767B2A3CC}.Release|x86.ActiveCfg = Release|Any CPU
		{C80DAC63-E870-4E73-BD6B-8B5767B2A3CC}.Release|x86.Build.0 = Release|Any CPU
	EndGlobalSection
	GlobalSection(SolutionProperties) = preSolution
		HideSolutionNode = FALSE
	EndGlobalSection
	GlobalSection(NestedProjects) = preSolution
		{3619362B-AF10-01C0-0968-B5438D352C72} = {61432FA8-8608-7A29-2F84-7DAFB9A18E2F}
		{528297DF-9805-A307-CC53-D3F809AB05EC} = {3619362B-AF10-01C0-0968-B5438D352C72}
		{824FAC7E-3EC2-48BE-9518-07399FC0EF45} = {528297DF-9805-A307-CC53-D3F809AB05EC}
		{D923B80D-5856-4D2B-8147-6C66E5FF21F7} = {528297DF-9805-A307-CC53-D3F809AB05EC}
		{7D4430DC-A0EC-40A1-8547-1147B5912218} = {528297DF-9805-A307-CC53-D3F809AB05EC}
	EndGlobalSection
	GlobalSection(ExtensibilityGlobals) = postSolution
		SolutionGuid = {6D7C2175-439A-434B-94C1-C819129D948E}
	EndGlobalSection
EndGlobal
